
Microsoft Visual Studio Solution File, Format Version 12.00
# Visual Studio Version 17
VisualStudioVersion = 17.12.35527.113
MinimumVisualStudioVersion = 10.0.40219.1
Project("{FAE04EC0-301F-11D3-BF4B-00C04F79EFBC}") = "ST10438817_POE_PART3_CHATBOT", "ST10438817_POE_PART3_CHATBOT.csproj", "{33E4BC99-6AB4-429E-AB70-4AF5280695A4}"
EndProject
Global
	GlobalSection(SolutionConfigurationPlatforms) = preSolution
		Debug|Any CPU = Debug|Any CPU
		Release|Any CPU = Release|Any CPU
	EndGlobalSection
	GlobalSection(ProjectConfigurationPlatforms) = postSolution
		{33E4BC99-6AB4-429E-AB70-4AF5280695A4}.Debug|Any CPU.ActiveCfg = Debug|Any CPU
		{33E4BC99-6AB4-429E-AB70-4AF5280695A4}.Debug|Any CPU.Build.0 = Debug|Any CPU
		{33E4BC99-6AB4-429E-AB70-4AF5280695A4}.Release|Any CPU.ActiveCfg = Release|Any CPU
		{33E4BC99-6AB4-429E-AB70-4AF5280695A4}.Release|Any CPU.Build.0 = Release|Any CPU
	EndGlobalSection
	GlobalSection(SolutionProperties) = preSolution
		HideSolutionNode = FALSE
	EndGlobalSection
EndGlobal
